
Microsoft Visual Studio Solution File, Format Version 12.00
# Visual Studio Version 16
VisualStudioVersion = 16.0.30114.105
MinimumVisualStudioVersion = 10.0.40219.1
Project("{F2A71F9B-5D33-465A-A702-920D77279786}") = "FabulousWorkoutNote", "FabulousWorkoutNote\FabulousWorkoutNote.fsproj", "{2CC62749-35C6-43FE-8423-D592833CFB57}"
EndProject
Project("{F2A71F9B-5D33-465A-A702-920D77279786}") = "FabulousWorkoutNote.Android", "FabulousWorkoutNote.Android\FabulousWorkoutNote.Android.fsproj", "{E5D8EEEE-A46E-47CE-B103-34A1DAAA8FA0}"
EndProject
Global
				GlobalSection(SolutionConfigurationPlatforms) = preSolution
								Debug|Any CPU = Debug|Any CPU
								Release|Any CPU = Release|Any CPU
								Debug|iPhoneSimulator = Debug|iPhoneSimulator
								Release|iPhoneSimulator = Release|iPhoneSimulator
								Debug|iPhone = Debug|iPhone
								Release|iPhone = Release|iPhone
								Ad-Hoc|iPhone = Ad-Hoc|iPhone
								AppStore|iPhone = AppStore|iPhone
				EndGlobalSection
				GlobalSection(SolutionProperties) = preSolution
								HideSolutionNode = FALSE
				EndGlobalSection
				GlobalSection(ProjectConfigurationPlatforms) = postSolution
								{2CC62749-35C6-43FE-8423-D592833CFB57}.Debug|Any CPU.ActiveCfg = Debug|Any CPU
								{2CC62749-35C6-43FE-8423-D592833CFB57}.Debug|Any CPU.Build.0 = Debug|Any CPU
								{2CC62749-35C6-43FE-8423-D592833CFB57}.Release|Any CPU.ActiveCfg = Release|Any CPU
								{2CC62749-35C6-43FE-8423-D592833CFB57}.Release|Any CPU.Build.0 = Release|Any CPU
								{2CC62749-35C6-43FE-8423-D592833CFB57}.Debug|iPhoneSimulator.ActiveCfg = Debug|Any CPU
								{2CC62749-35C6-43FE-8423-D592833CFB57}.Debug|iPhoneSimulator.Build.0 = Debug|Any CPU
								{2CC62749-35C6-43FE-8423-D592833CFB57}.Ad-Hoc|iPhone.ActiveCfg = Release|Any CPU
								{2CC62749-35C6-43FE-8423-D592833CFB57}.Ad-Hoc|iPhone.Build.0 = Release|Any CPU
								{2CC62749-35C6-43FE-8423-D592833CFB57}.AppStore|iPhone.ActiveCfg = Release|Any CPU
								{2CC62749-35C6-43FE-8423-D592833CFB57}.AppStore|iPhone.Build.0 = Release|Any CPU
								{2CC62749-35C6-43FE-8423-D592833CFB57}.Debug|iPhone.ActiveCfg = Debug|Any CPU
								{2CC62749-35C6-43FE-8423-D592833CFB57}.Debug|iPhone.Build.0 = Debug|Any CPU
								{2CC62749-35C6-43FE-8423-D592833CFB57}.Release|iPhone.ActiveCfg = Release|Any CPU
								{2CC62749-35C6-43FE-8423-D592833CFB57}.Release|iPhone.Build.0 = Release|Any CPU
								{2CC62749-35C6-43FE-8423-D592833CFB57}.Release|iPhoneSimulator.ActiveCfg = Release|Any CPU
								{2CC62749-35C6-43FE-8423-D592833CFB57}.Release|iPhoneSimulator.Build.0 = Release|Any CPU
								{E5D8EEEE-A46E-47CE-B103-34A1DAAA8FA0}.Debug|Any CPU.ActiveCfg = Debug|Any CPU
								{E5D8EEEE-A46E-47CE-B103-34A1DAAA8FA0}.Debug|Any CPU.Build.0 = Debug|Any CPU
								{E5D8EEEE-A46E-47CE-B103-34A1DAAA8FA0}.Release|Any CPU.ActiveCfg = Release|Any CPU
								{E5D8EEEE-A46E-47CE-B103-34A1DAAA8FA0}.Release|Any CPU.Build.0 = Release|Any CPU
								{E5D8EEEE-A46E-47CE-B103-34A1DAAA8FA0}.Debug|iPhoneSimulator.ActiveCfg = Debug|Any CPU
								{E5D8EEEE-A46E-47CE-B103-34A1DAAA8FA0}.Debug|iPhoneSimulator.Build.0 = Debug|Any CPU
								{E5D8EEEE-A46E-47CE-B103-34A1DAAA8FA0}.Release|iPhoneSimulator.ActiveCfg = Release|Any CPU
								{E5D8EEEE-A46E-47CE-B103-34A1DAAA8FA0}.Release|iPhoneSimulator.Build.0 = Release|Any CPU
								{E5D8EEEE-A46E-47CE-B103-34A1DAAA8FA0}.Debug|iPhone.ActiveCfg = Debug|Any CPU
								{E5D8EEEE-A46E-47CE-B103-34A1DAAA8FA0}.Debug|iPhone.Build.0 = Debug|Any CPU
								{E5D8EEEE-A46E-47CE-B103-34A1DAAA8FA0}.Release|iPhone.ActiveCfg = Release|Any CPU
								{E5D8EEEE-A46E-47CE-B103-34A1DAAA8FA0}.Release|iPhone.Build.0 = Release|Any CPU
								{E5D8EEEE-A46E-47CE-B103-34A1DAAA8FA0}.Ad-Hoc|iPhone.ActiveCfg = Release|Any CPU
								{E5D8EEEE-A46E-47CE-B103-34A1DAAA8FA0}.Ad-Hoc|iPhone.Build.0 = Release|Any CPU
								{E5D8EEEE-A46E-47CE-B103-34A1DAAA8FA0}.AppStore|iPhone.ActiveCfg = Release|Any CPU
								{E5D8EEEE-A46E-47CE-B103-34A1DAAA8FA0}.AppStore|iPhone.Build.0 = Release|Any CPU
								{E5D8EEEE-A46E-47CE-B103-34A1DAAA8FA0}.Debug|iPhoneSimulator.Deploy.0 = Debug|Any CPU
								{E5D8EEEE-A46E-47CE-B103-34A1DAAA8FA0}.Debug|Any CPU.Deploy.0 = Debug|Any CPU
								{E5D8EEEE-A46E-47CE-B103-34A1DAAA8FA0}.Debug|iPhone.Deploy.0 = Debug|Any CPU
								{E5D8EEEE-A46E-47CE-B103-34A1DAAA8FA0}.Release|Any CPU.Deploy.0 = Release|Any CPU
								{E5D8EEEE-A46E-47CE-B103-34A1DAAA8FA0}.Release|iPhone.Deploy.0 = Release|Any CPU
								{E5D8EEEE-A46E-47CE-B103-34A1DAAA8FA0}.Release|iPhoneSimulator.Deploy.0 = Release|Any CPU
				EndGlobalSection
EndGlobal
