
Microsoft Visual Studio Solution File, Format Version 12.00
# Visual Studio 15
VisualStudioVersion = 15.0.26730.10
MinimumVisualStudioVersion = 10.0.40219.1

Project("{6EC3EE1D-3C4E-46DD-8F32-0CC8E7565705}") = "FabulousWorkoutNote", "FabulousWorkoutNote\FabulousWorkoutNote.fsproj", "{A819F4A0-CEF6-4CB4-B185-3C2722005BCF}"
EndProject

Project("{F2A71F9B-5D33-465A-A702-920D77279786}") = "FabulousWorkoutNote.Android", "FabulousWorkoutNote.Android\FabulousWorkoutNote.Android.fsproj", "{662F7F0C-773B-4D5F-9647-7E2615EB59E0}"
EndProject






Global
	GlobalSection(SolutionConfigurationPlatforms) = preSolution
		Ad-Hoc|Any CPU = Ad-Hoc|Any CPU
		Ad-Hoc|ARM = Ad-Hoc|ARM
		Ad-Hoc|iPhone = Ad-Hoc|iPhone
		Ad-Hoc|iPhoneSimulator = Ad-Hoc|iPhoneSimulator
		Ad-Hoc|x64 = Ad-Hoc|x64
		Ad-Hoc|x86 = Ad-Hoc|x86
		AppStore|Any CPU = AppStore|Any CPU
		AppStore|ARM = AppStore|ARM
		AppStore|iPhone = AppStore|iPhone
		AppStore|iPhoneSimulator = AppStore|iPhoneSimulator
		AppStore|x64 = AppStore|x64
		AppStore|x86 = AppStore|x86
		Debug|Any CPU = Debug|Any CPU
		Debug|ARM = Debug|ARM
		Debug|iPhone = Debug|iPhone
		Debug|iPhoneSimulator = Debug|iPhoneSimulator
		Debug|x64 = Debug|x64
		Debug|x86 = Debug|x86
		Release|Any CPU = Release|Any CPU
		Release|ARM = Release|ARM
		Release|iPhone = Release|iPhone
		Release|iPhoneSimulator = Release|iPhoneSimulator
		Release|x64 = Release|x64
		Release|x86 = Release|x86
	EndGlobalSection
	GlobalSection(ProjectConfigurationPlatforms) = postSolution
		{A819F4A0-CEF6-4CB4-B185-3C2722005BCF}.Ad-Hoc|Any CPU.ActiveCfg = Debug|Any CPU
		{A819F4A0-CEF6-4CB4-B185-3C2722005BCF}.Ad-Hoc|Any CPU.Build.0 = Debug|Any CPU
		{A819F4A0-CEF6-4CB4-B185-3C2722005BCF}.Ad-Hoc|ARM.ActiveCfg = Debug|Any CPU
		{A819F4A0-CEF6-4CB4-B185-3C2722005BCF}.Ad-Hoc|ARM.Build.0 = Debug|Any CPU
		{A819F4A0-CEF6-4CB4-B185-3C2722005BCF}.Ad-Hoc|iPhone.ActiveCfg = Debug|Any CPU
		{A819F4A0-CEF6-4CB4-B185-3C2722005BCF}.Ad-Hoc|iPhone.Build.0 = Debug|Any CPU
		{A819F4A0-CEF6-4CB4-B185-3C2722005BCF}.Ad-Hoc|iPhoneSimulator.ActiveCfg = Debug|Any CPU
		{A819F4A0-CEF6-4CB4-B185-3C2722005BCF}.Ad-Hoc|iPhoneSimulator.Build.0 = Debug|Any CPU
		{A819F4A0-CEF6-4CB4-B185-3C2722005BCF}.Ad-Hoc|x64.ActiveCfg = Debug|Any CPU
		{A819F4A0-CEF6-4CB4-B185-3C2722005BCF}.Ad-Hoc|x64.Build.0 = Debug|Any CPU
		{A819F4A0-CEF6-4CB4-B185-3C2722005BCF}.Ad-Hoc|x86.ActiveCfg = Debug|Any CPU
		{A819F4A0-CEF6-4CB4-B185-3C2722005BCF}.Ad-Hoc|x86.Build.0 = Debug|Any CPU
		{A819F4A0-CEF6-4CB4-B185-3C2722005BCF}.AppStore|Any CPU.ActiveCfg = Debug|Any CPU
		{A819F4A0-CEF6-4CB4-B185-3C2722005BCF}.AppStore|Any CPU.Build.0 = Debug|Any CPU
		{A819F4A0-CEF6-4CB4-B185-3C2722005BCF}.AppStore|ARM.ActiveCfg = Debug|Any CPU
		{A819F4A0-CEF6-4CB4-B185-3C2722005BCF}.AppStore|ARM.Build.0 = Debug|Any CPU
		{A819F4A0-CEF6-4CB4-B185-3C2722005BCF}.AppStore|iPhone.ActiveCfg = Debug|Any CPU
		{A819F4A0-CEF6-4CB4-B185-3C2722005BCF}.AppStore|iPhone.Build.0 = Debug|Any CPU
		{A819F4A0-CEF6-4CB4-B185-3C2722005BCF}.AppStore|iPhoneSimulator.ActiveCfg = Debug|Any CPU
		{A819F4A0-CEF6-4CB4-B185-3C2722005BCF}.AppStore|iPhoneSimulator.Build.0 = Debug|Any CPU
		{A819F4A0-CEF6-4CB4-B185-3C2722005BCF}.AppStore|x64.ActiveCfg = Debug|Any CPU
		{A819F4A0-CEF6-4CB4-B185-3C2722005BCF}.AppStore|x64.Build.0 = Debug|Any CPU
		{A819F4A0-CEF6-4CB4-B185-3C2722005BCF}.AppStore|x86.ActiveCfg = Debug|Any CPU
		{A819F4A0-CEF6-4CB4-B185-3C2722005BCF}.AppStore|x86.Build.0 = Debug|Any CPU
		{A819F4A0-CEF6-4CB4-B185-3C2722005BCF}.Debug|Any CPU.ActiveCfg = Debug|Any CPU
		{A819F4A0-CEF6-4CB4-B185-3C2722005BCF}.Debug|Any CPU.Build.0 = Debug|Any CPU
		{A819F4A0-CEF6-4CB4-B185-3C2722005BCF}.Debug|ARM.ActiveCfg = Debug|Any CPU
		{A819F4A0-CEF6-4CB4-B185-3C2722005BCF}.Debug|ARM.Build.0 = Debug|Any CPU
		{A819F4A0-CEF6-4CB4-B185-3C2722005BCF}.Debug|iPhone.ActiveCfg = Debug|Any CPU
		{A819F4A0-CEF6-4CB4-B185-3C2722005BCF}.Debug|iPhone.Build.0 = Debug|Any CPU
		{A819F4A0-CEF6-4CB4-B185-3C2722005BCF}.Debug|iPhoneSimulator.ActiveCfg = Debug|Any CPU
		{A819F4A0-CEF6-4CB4-B185-3C2722005BCF}.Debug|iPhoneSimulator.Build.0 = Debug|Any CPU
		{A819F4A0-CEF6-4CB4-B185-3C2722005BCF}.Debug|x64.ActiveCfg = Debug|Any CPU
		{A819F4A0-CEF6-4CB4-B185-3C2722005BCF}.Debug|x64.Build.0 = Debug|Any CPU
		{A819F4A0-CEF6-4CB4-B185-3C2722005BCF}.Debug|x86.ActiveCfg = Debug|Any CPU
		{A819F4A0-CEF6-4CB4-B185-3C2722005BCF}.Debug|x86.Build.0 = Debug|Any CPU
		{A819F4A0-CEF6-4CB4-B185-3C2722005BCF}.Release|Any CPU.ActiveCfg = Release|Any CPU
		{A819F4A0-CEF6-4CB4-B185-3C2722005BCF}.Release|Any CPU.Build.0 = Release|Any CPU
		{A819F4A0-CEF6-4CB4-B185-3C2722005BCF}.Release|ARM.ActiveCfg = Release|Any CPU
		{A819F4A0-CEF6-4CB4-B185-3C2722005BCF}.Release|ARM.Build.0 = Release|Any CPU
		{A819F4A0-CEF6-4CB4-B185-3C2722005BCF}.Release|iPhone.ActiveCfg = Release|Any CPU
		{A819F4A0-CEF6-4CB4-B185-3C2722005BCF}.Release|iPhone.Build.0 = Release|Any CPU
		{A819F4A0-CEF6-4CB4-B185-3C2722005BCF}.Release|iPhoneSimulator.ActiveCfg = Release|Any CPU
		{A819F4A0-CEF6-4CB4-B185-3C2722005BCF}.Release|iPhoneSimulator.Build.0 = Release|Any CPU
		{A819F4A0-CEF6-4CB4-B185-3C2722005BCF}.Release|x64.ActiveCfg = Release|Any CPU
		{A819F4A0-CEF6-4CB4-B185-3C2722005BCF}.Release|x64.Build.0 = Release|Any CPU
		{A819F4A0-CEF6-4CB4-B185-3C2722005BCF}.Release|x86.ActiveCfg = Release|Any CPU
		{A819F4A0-CEF6-4CB4-B185-3C2722005BCF}.Release|x86.Build.0 = Release|Any CPU
		{2C571D23-CA2F-4CEC-AAED-975B1779DCF7}.Ad-Hoc|Any CPU.ActiveCfg = Ad-Hoc|iPhone
		{2C571D23-CA2F-4CEC-AAED-975B1779DCF7}.Ad-Hoc|ARM.ActiveCfg = Ad-Hoc|iPhone
		{2C571D23-CA2F-4CEC-AAED-975B1779DCF7}.Ad-Hoc|iPhone.ActiveCfg = Ad-Hoc|iPhone
		{2C571D23-CA2F-4CEC-AAED-975B1779DCF7}.Ad-Hoc|iPhone.Build.0 = Ad-Hoc|iPhone
		{2C571D23-CA2F-4CEC-AAED-975B1779DCF7}.Ad-Hoc|iPhoneSimulator.ActiveCfg = Ad-Hoc|iPhoneSimulator
		{2C571D23-CA2F-4CEC-AAED-975B1779DCF7}.Ad-Hoc|iPhoneSimulator.Build.0 = Ad-Hoc|iPhoneSimulator
		{2C571D23-CA2F-4CEC-AAED-975B1779DCF7}.Ad-Hoc|x64.ActiveCfg = Ad-Hoc|iPhone
		{2C571D23-CA2F-4CEC-AAED-975B1779DCF7}.Ad-Hoc|x86.ActiveCfg = Ad-Hoc|iPhone
		{2C571D23-CA2F-4CEC-AAED-975B1779DCF7}.AppStore|Any CPU.ActiveCfg = AppStore|iPhone
		{2C571D23-CA2F-4CEC-AAED-975B1779DCF7}.AppStore|ARM.ActiveCfg = AppStore|iPhone
		{2C571D23-CA2F-4CEC-AAED-975B1779DCF7}.AppStore|iPhone.ActiveCfg = AppStore|iPhone
		{2C571D23-CA2F-4CEC-AAED-975B1779DCF7}.AppStore|iPhone.Build.0 = AppStore|iPhone
		{2C571D23-CA2F-4CEC-AAED-975B1779DCF7}.AppStore|iPhoneSimulator.ActiveCfg = AppStore|iPhoneSimulator
		{2C571D23-CA2F-4CEC-AAED-975B1779DCF7}.AppStore|iPhoneSimulator.Build.0 = AppStore|iPhoneSimulator
		{2C571D23-CA2F-4CEC-AAED-975B1779DCF7}.AppStore|x64.ActiveCfg = AppStore|iPhone
		{2C571D23-CA2F-4CEC-AAED-975B1779DCF7}.AppStore|x86.ActiveCfg = AppStore|iPhone
		{2C571D23-CA2F-4CEC-AAED-975B1779DCF7}.Debug|Any CPU.ActiveCfg = Debug|iPhone
		{2C571D23-CA2F-4CEC-AAED-975B1779DCF7}.Debug|ARM.ActiveCfg = Debug|iPhone
		{2C571D23-CA2F-4CEC-AAED-975B1779DCF7}.Debug|iPhone.ActiveCfg = Debug|iPhone
		{2C571D23-CA2F-4CEC-AAED-975B1779DCF7}.Debug|iPhone.Build.0 = Debug|iPhone
		{2C571D23-CA2F-4CEC-AAED-975B1779DCF7}.Debug|iPhoneSimulator.ActiveCfg = Debug|iPhoneSimulator
		{2C571D23-CA2F-4CEC-AAED-975B1779DCF7}.Debug|iPhoneSimulator.Build.0 = Debug|iPhoneSimulator
		{2C571D23-CA2F-4CEC-AAED-975B1779DCF7}.Debug|x64.ActiveCfg = Debug|iPhone
		{2C571D23-CA2F-4CEC-AAED-975B1779DCF7}.Debug|x86.ActiveCfg = Debug|iPhone
		{2C571D23-CA2F-4CEC-AAED-975B1779DCF7}.Release|Any CPU.ActiveCfg = Release|iPhone
		{2C571D23-CA2F-4CEC-AAED-975B1779DCF7}.Release|ARM.ActiveCfg = Release|iPhone
		{2C571D23-CA2F-4CEC-AAED-975B1779DCF7}.Release|iPhone.ActiveCfg = Release|iPhone
		{2C571D23-CA2F-4CEC-AAED-975B1779DCF7}.Release|iPhone.Build.0 = Release|iPhone
		{2C571D23-CA2F-4CEC-AAED-975B1779DCF7}.Release|iPhoneSimulator.ActiveCfg = Release|iPhoneSimulator
		{2C571D23-CA2F-4CEC-AAED-975B1779DCF7}.Release|iPhoneSimulator.Build.0 = Release|iPhoneSimulator
		{2C571D23-CA2F-4CEC-AAED-975B1779DCF7}.Release|x64.ActiveCfg = Release|iPhone
		{2C571D23-CA2F-4CEC-AAED-975B1779DCF7}.Release|x86.ActiveCfg = Release|iPhone
		{C391581D-6891-4AED-B045-AF5D3D752981}.Ad-Hoc|Any CPU.ActiveCfg = Release|x86
		{C391581D-6891-4AED-B045-AF5D3D752981}.Ad-Hoc|Any CPU.Build.0 = Release|x86
		{C391581D-6891-4AED-B045-AF5D3D752981}.Ad-Hoc|Any CPU.Deploy.0 = Release|x86
		{C391581D-6891-4AED-B045-AF5D3D752981}.Ad-Hoc|ARM.ActiveCfg = Release|ARM
		{C391581D-6891-4AED-B045-AF5D3D752981}.Ad-Hoc|ARM.Build.0 = Release|ARM
		{C391581D-6891-4AED-B045-AF5D3D752981}.Ad-Hoc|ARM.Deploy.0 = Release|ARM
		{C391581D-6891-4AED-B045-AF5D3D752981}.Ad-Hoc|iPhone.ActiveCfg = Release|x86
		{C391581D-6891-4AED-B045-AF5D3D752981}.Ad-Hoc|iPhone.Build.0 = Release|x86
		{C391581D-6891-4AED-B045-AF5D3D752981}.Ad-Hoc|iPhone.Deploy.0 = Release|x86
		{C391581D-6891-4AED-B045-AF5D3D752981}.Ad-Hoc|iPhoneSimulator.ActiveCfg = Release|x86
		{C391581D-6891-4AED-B045-AF5D3D752981}.Ad-Hoc|iPhoneSimulator.Build.0 = Release|x86
		{C391581D-6891-4AED-B045-AF5D3D752981}.Ad-Hoc|iPhoneSimulator.Deploy.0 = Release|x86
		{C391581D-6891-4AED-B045-AF5D3D752981}.Ad-Hoc|x64.ActiveCfg = Release|x64
		{C391581D-6891-4AED-B045-AF5D3D752981}.Ad-Hoc|x64.Build.0 = Release|x64
		{C391581D-6891-4AED-B045-AF5D3D752981}.Ad-Hoc|x64.Deploy.0 = Release|x64
		{C391581D-6891-4AED-B045-AF5D3D752981}.Ad-Hoc|x86.ActiveCfg = Release|x86
		{C391581D-6891-4AED-B045-AF5D3D752981}.Ad-Hoc|x86.Build.0 = Release|x86
		{C391581D-6891-4AED-B045-AF5D3D752981}.Ad-Hoc|x86.Deploy.0 = Release|x86
		{C391581D-6891-4AED-B045-AF5D3D752981}.AppStore|Any CPU.ActiveCfg = Release|x86
		{C391581D-6891-4AED-B045-AF5D3D752981}.AppStore|Any CPU.Build.0 = Release|x86
		{C391581D-6891-4AED-B045-AF5D3D752981}.AppStore|Any CPU.Deploy.0 = Release|x86
		{C391581D-6891-4AED-B045-AF5D3D752981}.AppStore|ARM.ActiveCfg = Release|ARM
		{C391581D-6891-4AED-B045-AF5D3D752981}.AppStore|ARM.Build.0 = Release|ARM
		{C391581D-6891-4AED-B045-AF5D3D752981}.AppStore|ARM.Deploy.0 = Release|ARM
		{C391581D-6891-4AED-B045-AF5D3D752981}.AppStore|iPhone.ActiveCfg = Release|x86
		{C391581D-6891-4AED-B045-AF5D3D752981}.AppStore|iPhone.Build.0 = Release|x86
		{C391581D-6891-4AED-B045-AF5D3D752981}.AppStore|iPhone.Deploy.0 = Release|x86
		{C391581D-6891-4AED-B045-AF5D3D752981}.AppStore|iPhoneSimulator.ActiveCfg = Release|x86
		{C391581D-6891-4AED-B045-AF5D3D752981}.AppStore|iPhoneSimulator.Build.0 = Release|x86
		{C391581D-6891-4AED-B045-AF5D3D752981}.AppStore|iPhoneSimulator.Deploy.0 = Release|x86
		{C391581D-6891-4AED-B045-AF5D3D752981}.AppStore|x64.ActiveCfg = Release|x64
		{C391581D-6891-4AED-B045-AF5D3D752981}.AppStore|x64.Build.0 = Release|x64
		{C391581D-6891-4AED-B045-AF5D3D752981}.AppStore|x64.Deploy.0 = Release|x64
		{C391581D-6891-4AED-B045-AF5D3D752981}.AppStore|x86.ActiveCfg = Release|x86
		{C391581D-6891-4AED-B045-AF5D3D752981}.AppStore|x86.Build.0 = Release|x86
		{C391581D-6891-4AED-B045-AF5D3D752981}.AppStore|x86.Deploy.0 = Release|x86
		{C391581D-6891-4AED-B045-AF5D3D752981}.Debug|Any CPU.ActiveCfg = Debug|x86
		{C391581D-6891-4AED-B045-AF5D3D752981}.Debug|ARM.ActiveCfg = Debug|ARM
		{C391581D-6891-4AED-B045-AF5D3D752981}.Debug|ARM.Build.0 = Debug|ARM
		{C391581D-6891-4AED-B045-AF5D3D752981}.Debug|ARM.Deploy.0 = Debug|ARM
		{C391581D-6891-4AED-B045-AF5D3D752981}.Debug|iPhone.ActiveCfg = Debug|x86
		{C391581D-6891-4AED-B045-AF5D3D752981}.Debug|iPhoneSimulator.ActiveCfg = Debug|x86
		{C391581D-6891-4AED-B045-AF5D3D752981}.Debug|x64.ActiveCfg = Debug|x64
		{C391581D-6891-4AED-B045-AF5D3D752981}.Debug|x64.Build.0 = Debug|x64
		{C391581D-6891-4AED-B045-AF5D3D752981}.Debug|x64.Deploy.0 = Debug|x64
		{C391581D-6891-4AED-B045-AF5D3D752981}.Debug|x86.ActiveCfg = Debug|x86
		{C391581D-6891-4AED-B045-AF5D3D752981}.Debug|x86.Build.0 = Debug|x86
		{C391581D-6891-4AED-B045-AF5D3D752981}.Debug|x86.Deploy.0 = Debug|x86
		{C391581D-6891-4AED-B045-AF5D3D752981}.Release|Any CPU.ActiveCfg = Release|x86
		{C391581D-6891-4AED-B045-AF5D3D752981}.Release|ARM.ActiveCfg = Release|ARM
		{C391581D-6891-4AED-B045-AF5D3D752981}.Release|ARM.Build.0 = Release|ARM
		{C391581D-6891-4AED-B045-AF5D3D752981}.Release|ARM.Deploy.0 = Release|ARM
		{C391581D-6891-4AED-B045-AF5D3D752981}.Release|iPhone.ActiveCfg = Release|x86
		{C391581D-6891-4AED-B045-AF5D3D752981}.Release|iPhoneSimulator.ActiveCfg = Release|x86
		{C391581D-6891-4AED-B045-AF5D3D752981}.Release|x64.ActiveCfg = Release|x64
		{C391581D-6891-4AED-B045-AF5D3D752981}.Release|x64.Build.0 = Release|x64
		{C391581D-6891-4AED-B045-AF5D3D752981}.Release|x64.Deploy.0 = Release|x64
		{C391581D-6891-4AED-B045-AF5D3D752981}.Release|x86.ActiveCfg = Release|x86
		{C391581D-6891-4AED-B045-AF5D3D752981}.Release|x86.Build.0 = Release|x86
		{C391581D-6891-4AED-B045-AF5D3D752981}.Release|x86.Deploy.0 = Release|x86
		{F0DA3AD9-9936-4DD0-A998-7D681C516549}.Ad-Hoc|Any CPU.ActiveCfg = Release|Any CPU
		{F0DA3AD9-9936-4DD0-A998-7D681C516549}.Ad-Hoc|Any CPU.Build.0 = Release|Any CPU
		{F0DA3AD9-9936-4DD0-A998-7D681C516549}.Ad-Hoc|ARM.ActiveCfg = Release|Any CPU
		{F0DA3AD9-9936-4DD0-A998-7D681C516549}.Ad-Hoc|ARM.Build.0 = Release|Any CPU
		{F0DA3AD9-9936-4DD0-A998-7D681C516549}.Ad-Hoc|iPhone.ActiveCfg = Release|Any CPU
		{F0DA3AD9-9936-4DD0-A998-7D681C516549}.Ad-Hoc|iPhone.Build.0 = Release|Any CPU
		{F0DA3AD9-9936-4DD0-A998-7D681C516549}.Ad-Hoc|iPhoneSimulator.ActiveCfg = Release|Any CPU
		{F0DA3AD9-9936-4DD0-A998-7D681C516549}.Ad-Hoc|iPhoneSimulator.Build.0 = Release|Any CPU
		{F0DA3AD9-9936-4DD0-A998-7D681C516549}.Ad-Hoc|x64.ActiveCfg = Release|Any CPU
		{F0DA3AD9-9936-4DD0-A998-7D681C516549}.Ad-Hoc|x64.Build.0 = Release|Any CPU
		{F0DA3AD9-9936-4DD0-A998-7D681C516549}.Ad-Hoc|x86.ActiveCfg = Release|Any CPU
		{F0DA3AD9-9936-4DD0-A998-7D681C516549}.Ad-Hoc|x86.Build.0 = Release|Any CPU
		{F0DA3AD9-9936-4DD0-A998-7D681C516549}.AppStore|Any CPU.ActiveCfg = Release|Any CPU
		{F0DA3AD9-9936-4DD0-A998-7D681C516549}.AppStore|Any CPU.Build.0 = Release|Any CPU
		{F0DA3AD9-9936-4DD0-A998-7D681C516549}.AppStore|ARM.ActiveCfg = Release|Any CPU
		{F0DA3AD9-9936-4DD0-A998-7D681C516549}.AppStore|ARM.Build.0 = Release|Any CPU
		{F0DA3AD9-9936-4DD0-A998-7D681C516549}.AppStore|iPhone.ActiveCfg = Release|Any CPU
		{F0DA3AD9-9936-4DD0-A998-7D681C516549}.AppStore|iPhone.Build.0 = Release|Any CPU
		{F0DA3AD9-9936-4DD0-A998-7D681C516549}.AppStore|iPhoneSimulator.ActiveCfg = Release|Any CPU
		{F0DA3AD9-9936-4DD0-A998-7D681C516549}.AppStore|iPhoneSimulator.Build.0 = Release|Any CPU
		{F0DA3AD9-9936-4DD0-A998-7D681C516549}.AppStore|x64.ActiveCfg = Release|Any CPU
		{F0DA3AD9-9936-4DD0-A998-7D681C516549}.AppStore|x64.Build.0 = Release|Any CPU
		{F0DA3AD9-9936-4DD0-A998-7D681C516549}.AppStore|x86.ActiveCfg = Release|Any CPU
		{F0DA3AD9-9936-4DD0-A998-7D681C516549}.AppStore|x86.Build.0 = Release|Any CPU
		{F0DA3AD9-9936-4DD0-A998-7D681C516549}.Debug|Any CPU.ActiveCfg = Debug|Any CPU
		{F0DA3AD9-9936-4DD0-A998-7D681C516549}.Debug|Any CPU.Build.0 = Debug|Any CPU
		{F0DA3AD9-9936-4DD0-A998-7D681C516549}.Debug|ARM.ActiveCfg = Debug|Any CPU
		{F0DA3AD9-9936-4DD0-A998-7D681C516549}.Debug|ARM.Build.0 = Debug|Any CPU
		{F0DA3AD9-9936-4DD0-A998-7D681C516549}.Debug|iPhone.ActiveCfg = Debug|Any CPU
		{F0DA3AD9-9936-4DD0-A998-7D681C516549}.Debug|iPhone.Build.0 = Debug|Any CPU
		{F0DA3AD9-9936-4DD0-A998-7D681C516549}.Debug|iPhoneSimulator.ActiveCfg = Debug|Any CPU
		{F0DA3AD9-9936-4DD0-A998-7D681C516549}.Debug|iPhoneSimulator.Build.0 = Debug|Any CPU
		{F0DA3AD9-9936-4DD0-A998-7D681C516549}.Debug|x64.ActiveCfg = Debug|Any CPU
		{F0DA3AD9-9936-4DD0-A998-7D681C516549}.Debug|x64.Build.0 = Debug|Any CPU
		{F0DA3AD9-9936-4DD0-A998-7D681C516549}.Debug|x86.ActiveCfg = Debug|Any CPU
		{F0DA3AD9-9936-4DD0-A998-7D681C516549}.Debug|x86.Build.0 = Debug|Any CPU
		{F0DA3AD9-9936-4DD0-A998-7D681C516549}.Release|Any CPU.ActiveCfg = Release|Any CPU
		{F0DA3AD9-9936-4DD0-A998-7D681C516549}.Release|Any CPU.Build.0 = Release|Any CPU
		{F0DA3AD9-9936-4DD0-A998-7D681C516549}.Release|ARM.ActiveCfg = Release|Any CPU
		{F0DA3AD9-9936-4DD0-A998-7D681C516549}.Release|ARM.Build.0 = Release|Any CPU
		{F0DA3AD9-9936-4DD0-A998-7D681C516549}.Release|iPhone.ActiveCfg = Release|Any CPU
		{F0DA3AD9-9936-4DD0-A998-7D681C516549}.Release|iPhone.Build.0 = Release|Any CPU
		{F0DA3AD9-9936-4DD0-A998-7D681C516549}.Release|iPhoneSimulator.ActiveCfg = Release|Any CPU
		{F0DA3AD9-9936-4DD0-A998-7D681C516549}.Release|iPhoneSimulator.Build.0 = Release|Any CPU
		{F0DA3AD9-9936-4DD0-A998-7D681C516549}.Release|x64.ActiveCfg = Release|Any CPU
		{F0DA3AD9-9936-4DD0-A998-7D681C516549}.Release|x64.Build.0 = Release|Any CPU
		{F0DA3AD9-9936-4DD0-A998-7D681C516549}.Release|x86.ActiveCfg = Release|Any CPU
		{F0DA3AD9-9936-4DD0-A998-7D681C516549}.Release|x86.Build.0 = Release|Any CPU
		{0DCBB4E0-E2B4-4B81-AEA0-6AA6B2DD0EBE}.Ad-Hoc|Any CPU.ActiveCfg = Release|Any CPU
		{0DCBB4E0-E2B4-4B81-AEA0-6AA6B2DD0EBE}.Ad-Hoc|Any CPU.Build.0 = Release|Any CPU
		{0DCBB4E0-E2B4-4B81-AEA0-6AA6B2DD0EBE}.Ad-Hoc|ARM.ActiveCfg = Release|Any CPU
		{0DCBB4E0-E2B4-4B81-AEA0-6AA6B2DD0EBE}.Ad-Hoc|ARM.Build.0 = Release|Any CPU
		{0DCBB4E0-E2B4-4B81-AEA0-6AA6B2DD0EBE}.Ad-Hoc|iPhone.ActiveCfg = Release|Any CPU
		{0DCBB4E0-E2B4-4B81-AEA0-6AA6B2DD0EBE}.Ad-Hoc|iPhone.Build.0 = Release|Any CPU
		{0DCBB4E0-E2B4-4B81-AEA0-6AA6B2DD0EBE}.Ad-Hoc|iPhoneSimulator.ActiveCfg = Release|Any CPU
		{0DCBB4E0-E2B4-4B81-AEA0-6AA6B2DD0EBE}.Ad-Hoc|iPhoneSimulator.Build.0 = Release|Any CPU
		{0DCBB4E0-E2B4-4B81-AEA0-6AA6B2DD0EBE}.Ad-Hoc|x64.ActiveCfg = Release|Any CPU
		{0DCBB4E0-E2B4-4B81-AEA0-6AA6B2DD0EBE}.Ad-Hoc|x64.Build.0 = Release|Any CPU
		{0DCBB4E0-E2B4-4B81-AEA0-6AA6B2DD0EBE}.Ad-Hoc|x86.ActiveCfg = Release|Any CPU
		{0DCBB4E0-E2B4-4B81-AEA0-6AA6B2DD0EBE}.Ad-Hoc|x86.Build.0 = Release|Any CPU
		{0DCBB4E0-E2B4-4B81-AEA0-6AA6B2DD0EBE}.AppStore|Any CPU.ActiveCfg = Release|Any CPU
		{0DCBB4E0-E2B4-4B81-AEA0-6AA6B2DD0EBE}.AppStore|Any CPU.Build.0 = Release|Any CPU
		{0DCBB4E0-E2B4-4B81-AEA0-6AA6B2DD0EBE}.AppStore|ARM.ActiveCfg = Release|Any CPU
		{0DCBB4E0-E2B4-4B81-AEA0-6AA6B2DD0EBE}.AppStore|ARM.Build.0 = Release|Any CPU
		{0DCBB4E0-E2B4-4B81-AEA0-6AA6B2DD0EBE}.AppStore|iPhone.ActiveCfg = Release|Any CPU
		{0DCBB4E0-E2B4-4B81-AEA0-6AA6B2DD0EBE}.AppStore|iPhone.Build.0 = Release|Any CPU
		{0DCBB4E0-E2B4-4B81-AEA0-6AA6B2DD0EBE}.AppStore|iPhoneSimulator.ActiveCfg = Release|Any CPU
		{0DCBB4E0-E2B4-4B81-AEA0-6AA6B2DD0EBE}.AppStore|iPhoneSimulator.Build.0 = Release|Any CPU
		{0DCBB4E0-E2B4-4B81-AEA0-6AA6B2DD0EBE}.AppStore|x64.ActiveCfg = Release|Any CPU
		{0DCBB4E0-E2B4-4B81-AEA0-6AA6B2DD0EBE}.AppStore|x64.Build.0 = Release|Any CPU
		{0DCBB4E0-E2B4-4B81-AEA0-6AA6B2DD0EBE}.AppStore|x86.ActiveCfg = Release|Any CPU
		{0DCBB4E0-E2B4-4B81-AEA0-6AA6B2DD0EBE}.AppStore|x86.Build.0 = Release|Any CPU
		{0DCBB4E0-E2B4-4B81-AEA0-6AA6B2DD0EBE}.Debug|Any CPU.ActiveCfg = Debug|Any CPU
		{0DCBB4E0-E2B4-4B81-AEA0-6AA6B2DD0EBE}.Debug|Any CPU.Build.0 = Debug|Any CPU
		{0DCBB4E0-E2B4-4B81-AEA0-6AA6B2DD0EBE}.Debug|ARM.ActiveCfg = Debug|Any CPU
		{0DCBB4E0-E2B4-4B81-AEA0-6AA6B2DD0EBE}.Debug|ARM.Build.0 = Debug|Any CPU
		{0DCBB4E0-E2B4-4B81-AEA0-6AA6B2DD0EBE}.Debug|iPhone.ActiveCfg = Debug|Any CPU
		{0DCBB4E0-E2B4-4B81-AEA0-6AA6B2DD0EBE}.Debug|iPhone.Build.0 = Debug|Any CPU
		{0DCBB4E0-E2B4-4B81-AEA0-6AA6B2DD0EBE}.Debug|iPhoneSimulator.ActiveCfg = Debug|Any CPU
		{0DCBB4E0-E2B4-4B81-AEA0-6AA6B2DD0EBE}.Debug|iPhoneSimulator.Build.0 = Debug|Any CPU
		{0DCBB4E0-E2B4-4B81-AEA0-6AA6B2DD0EBE}.Debug|x64.ActiveCfg = Debug|Any CPU
		{0DCBB4E0-E2B4-4B81-AEA0-6AA6B2DD0EBE}.Debug|x64.Build.0 = Debug|Any CPU
		{0DCBB4E0-E2B4-4B81-AEA0-6AA6B2DD0EBE}.Debug|x86.ActiveCfg = Debug|Any CPU
		{0DCBB4E0-E2B4-4B81-AEA0-6AA6B2DD0EBE}.Debug|x86.Build.0 = Debug|Any CPU
		{0DCBB4E0-E2B4-4B81-AEA0-6AA6B2DD0EBE}.Release|Any CPU.ActiveCfg = Release|Any CPU
		{0DCBB4E0-E2B4-4B81-AEA0-6AA6B2DD0EBE}.Release|Any CPU.Build.0 = Release|Any CPU
		{0DCBB4E0-E2B4-4B81-AEA0-6AA6B2DD0EBE}.Release|ARM.ActiveCfg = Release|Any CPU
		{0DCBB4E0-E2B4-4B81-AEA0-6AA6B2DD0EBE}.Release|ARM.Build.0 = Release|Any CPU
		{0DCBB4E0-E2B4-4B81-AEA0-6AA6B2DD0EBE}.Release|iPhone.ActiveCfg = Release|Any CPU
		{0DCBB4E0-E2B4-4B81-AEA0-6AA6B2DD0EBE}.Release|iPhone.Build.0 = Release|Any CPU
		{0DCBB4E0-E2B4-4B81-AEA0-6AA6B2DD0EBE}.Release|iPhoneSimulator.ActiveCfg = Release|Any CPU
		{0DCBB4E0-E2B4-4B81-AEA0-6AA6B2DD0EBE}.Release|iPhoneSimulator.Build.0 = Release|Any CPU
		{0DCBB4E0-E2B4-4B81-AEA0-6AA6B2DD0EBE}.Release|x64.ActiveCfg = Release|Any CPU
		{0DCBB4E0-E2B4-4B81-AEA0-6AA6B2DD0EBE}.Release|x64.Build.0 = Release|Any CPU
		{0DCBB4E0-E2B4-4B81-AEA0-6AA6B2DD0EBE}.Release|x86.ActiveCfg = Release|Any CPU
		{0DCBB4E0-E2B4-4B81-AEA0-6AA6B2DD0EBE}.Release|x86.Build.0 = Release|Any CPU
		{662F7F0C-773B-4D5F-9647-7E2615EB59E0}.Ad-Hoc|Any CPU.ActiveCfg = Release|Any CPU
		{662F7F0C-773B-4D5F-9647-7E2615EB59E0}.Ad-Hoc|Any CPU.Build.0 = Release|Any CPU
		{662F7F0C-773B-4D5F-9647-7E2615EB59E0}.Ad-Hoc|ARM.ActiveCfg = Release|Any CPU
		{662F7F0C-773B-4D5F-9647-7E2615EB59E0}.Ad-Hoc|ARM.Build.0 = Release|Any CPU
		{662F7F0C-773B-4D5F-9647-7E2615EB59E0}.Ad-Hoc|iPhone.ActiveCfg = Release|Any CPU
		{662F7F0C-773B-4D5F-9647-7E2615EB59E0}.Ad-Hoc|iPhone.Build.0 = Release|Any CPU
		{662F7F0C-773B-4D5F-9647-7E2615EB59E0}.Ad-Hoc|iPhoneSimulator.ActiveCfg = Release|Any CPU
		{662F7F0C-773B-4D5F-9647-7E2615EB59E0}.Ad-Hoc|iPhoneSimulator.Build.0 = Release|Any CPU
		{662F7F0C-773B-4D5F-9647-7E2615EB59E0}.Ad-Hoc|x64.ActiveCfg = Release|Any CPU
		{662F7F0C-773B-4D5F-9647-7E2615EB59E0}.Ad-Hoc|x64.Build.0 = Release|Any CPU
		{662F7F0C-773B-4D5F-9647-7E2615EB59E0}.Ad-Hoc|x86.ActiveCfg = Release|Any CPU
		{662F7F0C-773B-4D5F-9647-7E2615EB59E0}.Ad-Hoc|x86.Build.0 = Release|Any CPU
		{662F7F0C-773B-4D5F-9647-7E2615EB59E0}.AppStore|Any CPU.ActiveCfg = Release|Any CPU
		{662F7F0C-773B-4D5F-9647-7E2615EB59E0}.AppStore|Any CPU.Build.0 = Release|Any CPU
		{662F7F0C-773B-4D5F-9647-7E2615EB59E0}.AppStore|ARM.ActiveCfg = Release|Any CPU
		{662F7F0C-773B-4D5F-9647-7E2615EB59E0}.AppStore|ARM.Build.0 = Release|Any CPU
		{662F7F0C-773B-4D5F-9647-7E2615EB59E0}.AppStore|iPhone.ActiveCfg = Release|Any CPU
		{662F7F0C-773B-4D5F-9647-7E2615EB59E0}.AppStore|iPhone.Build.0 = Release|Any CPU
		{662F7F0C-773B-4D5F-9647-7E2615EB59E0}.AppStore|iPhoneSimulator.ActiveCfg = Release|Any CPU
		{662F7F0C-773B-4D5F-9647-7E2615EB59E0}.AppStore|iPhoneSimulator.Build.0 = Release|Any CPU
		{662F7F0C-773B-4D5F-9647-7E2615EB59E0}.AppStore|x64.ActiveCfg = Release|Any CPU
		{662F7F0C-773B-4D5F-9647-7E2615EB59E0}.AppStore|x64.Build.0 = Release|Any CPU
		{662F7F0C-773B-4D5F-9647-7E2615EB59E0}.AppStore|x86.ActiveCfg = Release|Any CPU
		{662F7F0C-773B-4D5F-9647-7E2615EB59E0}.AppStore|x86.Build.0 = Release|Any CPU
		{662F7F0C-773B-4D5F-9647-7E2615EB59E0}.Debug|Any CPU.ActiveCfg = Debug|Any CPU
		{662F7F0C-773B-4D5F-9647-7E2615EB59E0}.Debug|Any CPU.Build.0 = Debug|Any CPU
		{662F7F0C-773B-4D5F-9647-7E2615EB59E0}.Debug|Any CPU.Deploy.0 = Debug|Any CPU
		{662F7F0C-773B-4D5F-9647-7E2615EB59E0}.Debug|ARM.ActiveCfg = Debug|Any CPU
		{662F7F0C-773B-4D5F-9647-7E2615EB59E0}.Debug|ARM.Build.0 = Debug|Any CPU
		{662F7F0C-773B-4D5F-9647-7E2615EB59E0}.Debug|iPhone.ActiveCfg = Debug|Any CPU
		{662F7F0C-773B-4D5F-9647-7E2615EB59E0}.Debug|iPhone.Build.0 = Debug|Any CPU
		{662F7F0C-773B-4D5F-9647-7E2615EB59E0}.Debug|iPhoneSimulator.ActiveCfg = Debug|Any CPU
		{662F7F0C-773B-4D5F-9647-7E2615EB59E0}.Debug|iPhoneSimulator.Build.0 = Debug|Any CPU
		{662F7F0C-773B-4D5F-9647-7E2615EB59E0}.Debug|x64.ActiveCfg = Debug|Any CPU
		{662F7F0C-773B-4D5F-9647-7E2615EB59E0}.Debug|x64.Build.0 = Debug|Any CPU
		{662F7F0C-773B-4D5F-9647-7E2615EB59E0}.Debug|x86.ActiveCfg = Debug|Any CPU
		{662F7F0C-773B-4D5F-9647-7E2615EB59E0}.Debug|x86.Build.0 = Debug|Any CPU
		{662F7F0C-773B-4D5F-9647-7E2615EB59E0}.Release|Any CPU.ActiveCfg = Release|Any CPU
		{662F7F0C-773B-4D5F-9647-7E2615EB59E0}.Release|Any CPU.Build.0 = Release|Any CPU
		{662F7F0C-773B-4D5F-9647-7E2615EB59E0}.Release|Any CPU.Deploy.0 = Release|Any CPU
		{662F7F0C-773B-4D5F-9647-7E2615EB59E0}.Release|ARM.ActiveCfg = Release|Any CPU
		{662F7F0C-773B-4D5F-9647-7E2615EB59E0}.Release|ARM.Build.0 = Release|Any CPU
		{662F7F0C-773B-4D5F-9647-7E2615EB59E0}.Release|iPhone.ActiveCfg = Release|Any CPU
		{662F7F0C-773B-4D5F-9647-7E2615EB59E0}.Release|iPhone.Build.0 = Release|Any CPU
		{662F7F0C-773B-4D5F-9647-7E2615EB59E0}.Release|iPhoneSimulator.ActiveCfg = Release|Any CPU
		{662F7F0C-773B-4D5F-9647-7E2615EB59E0}.Release|iPhoneSimulator.Build.0 = Release|Any CPU
		{662F7F0C-773B-4D5F-9647-7E2615EB59E0}.Release|x64.ActiveCfg = Release|Any CPU
		{662F7F0C-773B-4D5F-9647-7E2615EB59E0}.Release|x64.Build.0 = Release|Any CPU
		{662F7F0C-773B-4D5F-9647-7E2615EB59E0}.Release|x86.ActiveCfg = Release|Any CPU
		{662F7F0C-773B-4D5F-9647-7E2615EB59E0}.Release|x86.Build.0 = Release|Any CPU
		{1AAFEE22-EF29-43B3-8534-79F79F8813C4}.Ad-Hoc|Any CPU.ActiveCfg = Release|Any CPU
		{1AAFEE22-EF29-43B3-8534-79F79F8813C4}.Ad-Hoc|Any CPU.Build.0 = Release|Any CPU
		{1AAFEE22-EF29-43B3-8534-79F79F8813C4}.Ad-Hoc|ARM.ActiveCfg = Release|Any CPU
		{1AAFEE22-EF29-43B3-8534-79F79F8813C4}.Ad-Hoc|ARM.Build.0 = Release|Any CPU
		{1AAFEE22-EF29-43B3-8534-79F79F8813C4}.Ad-Hoc|iPhone.ActiveCfg = Release|Any CPU
		{1AAFEE22-EF29-43B3-8534-79F79F8813C4}.Ad-Hoc|iPhone.Build.0 = Release|Any CPU
		{1AAFEE22-EF29-43B3-8534-79F79F8813C4}.Ad-Hoc|iPhoneSimulator.ActiveCfg = Release|Any CPU
		{1AAFEE22-EF29-43B3-8534-79F79F8813C4}.Ad-Hoc|iPhoneSimulator.Build.0 = Release|Any CPU
		{1AAFEE22-EF29-43B3-8534-79F79F8813C4}.Ad-Hoc|x64.ActiveCfg = Release|Any CPU
		{1AAFEE22-EF29-43B3-8534-79F79F8813C4}.Ad-Hoc|x64.Build.0 = Release|Any CPU
		{1AAFEE22-EF29-43B3-8534-79F79F8813C4}.Ad-Hoc|x86.ActiveCfg = Release|Any CPU
		{1AAFEE22-EF29-43B3-8534-79F79F8813C4}.Ad-Hoc|x86.Build.0 = Release|Any CPU
		{1AAFEE22-EF29-43B3-8534-79F79F8813C4}.AppStore|Any CPU.ActiveCfg = Release|Any CPU
		{1AAFEE22-EF29-43B3-8534-79F79F8813C4}.AppStore|Any CPU.Build.0 = Release|Any CPU
		{1AAFEE22-EF29-43B3-8534-79F79F8813C4}.AppStore|ARM.ActiveCfg = Release|Any CPU
		{1AAFEE22-EF29-43B3-8534-79F79F8813C4}.AppStore|ARM.Build.0 = Release|Any CPU
		{1AAFEE22-EF29-43B3-8534-79F79F8813C4}.AppStore|iPhone.ActiveCfg = Release|Any CPU
		{1AAFEE22-EF29-43B3-8534-79F79F8813C4}.AppStore|iPhone.Build.0 = Release|Any CPU
		{1AAFEE22-EF29-43B3-8534-79F79F8813C4}.AppStore|iPhoneSimulator.ActiveCfg = Release|Any CPU
		{1AAFEE22-EF29-43B3-8534-79F79F8813C4}.AppStore|iPhoneSimulator.Build.0 = Release|Any CPU
		{1AAFEE22-EF29-43B3-8534-79F79F8813C4}.AppStore|x64.ActiveCfg = Release|Any CPU
		{1AAFEE22-EF29-43B3-8534-79F79F8813C4}.AppStore|x64.Build.0 = Release|Any CPU
		{1AAFEE22-EF29-43B3-8534-79F79F8813C4}.AppStore|x86.ActiveCfg = Release|Any CPU
		{1AAFEE22-EF29-43B3-8534-79F79F8813C4}.AppStore|x86.Build.0 = Release|Any CPU
		{1AAFEE22-EF29-43B3-8534-79F79F8813C4}.Debug|Any CPU.ActiveCfg = Debug|Any CPU
		{1AAFEE22-EF29-43B3-8534-79F79F8813C4}.Debug|Any CPU.Build.0 = Debug|Any CPU
		{1AAFEE22-EF29-43B3-8534-79F79F8813C4}.Debug|ARM.ActiveCfg = Debug|Any CPU
		{1AAFEE22-EF29-43B3-8534-79F79F8813C4}.Debug|ARM.Build.0 = Debug|Any CPU
		{1AAFEE22-EF29-43B3-8534-79F79F8813C4}.Debug|iPhone.ActiveCfg = Debug|Any CPU
		{1AAFEE22-EF29-43B3-8534-79F79F8813C4}.Debug|iPhone.Build.0 = Debug|Any CPU
		{1AAFEE22-EF29-43B3-8534-79F79F8813C4}.Debug|iPhoneSimulator.ActiveCfg = Debug|Any CPU
		{1AAFEE22-EF29-43B3-8534-79F79F8813C4}.Debug|iPhoneSimulator.Build.0 = Debug|Any CPU
		{1AAFEE22-EF29-43B3-8534-79F79F8813C4}.Debug|x64.ActiveCfg = Debug|Any CPU
		{1AAFEE22-EF29-43B3-8534-79F79F8813C4}.Debug|x64.Build.0 = Debug|Any CPU
		{1AAFEE22-EF29-43B3-8534-79F79F8813C4}.Debug|x86.ActiveCfg = Debug|Any CPU
		{1AAFEE22-EF29-43B3-8534-79F79F8813C4}.Debug|x86.Build.0 = Debug|Any CPU
		{1AAFEE22-EF29-43B3-8534-79F79F8813C4}.Release|Any CPU.ActiveCfg = Release|Any CPU
		{1AAFEE22-EF29-43B3-8534-79F79F8813C4}.Release|Any CPU.Build.0 = Release|Any CPU
		{1AAFEE22-EF29-43B3-8534-79F79F8813C4}.Release|ARM.ActiveCfg = Release|Any CPU
		{1AAFEE22-EF29-43B3-8534-79F79F8813C4}.Release|ARM.Build.0 = Release|Any CPU
		{1AAFEE22-EF29-43B3-8534-79F79F8813C4}.Release|iPhone.ActiveCfg = Release|Any CPU
		{1AAFEE22-EF29-43B3-8534-79F79F8813C4}.Release|iPhone.Build.0 = Release|Any CPU
		{1AAFEE22-EF29-43B3-8534-79F79F8813C4}.Release|iPhoneSimulator.ActiveCfg = Release|Any CPU
		{1AAFEE22-EF29-43B3-8534-79F79F8813C4}.Release|iPhoneSimulator.Build.0 = Release|Any CPU
		{1AAFEE22-EF29-43B3-8534-79F79F8813C4}.Release|x64.ActiveCfg = Release|Any CPU
		{1AAFEE22-EF29-43B3-8534-79F79F8813C4}.Release|x64.Build.0 = Release|Any CPU
		{1AAFEE22-EF29-43B3-8534-79F79F8813C4}.Release|x86.ActiveCfg = Release|Any CPU
		{1AAFEE22-EF29-43B3-8534-79F79F8813C4}.Release|x86.Build.0 = Release|Any CPU
		{FA4850DF-5765-4560-98A5-170FFE85CD26}.Ad-Hoc|Any CPU.ActiveCfg = Release|x64
		{FA4850DF-5765-4560-98A5-170FFE85CD26}.Ad-Hoc|Any CPU.Build.0 = Release|x64
		{FA4850DF-5765-4560-98A5-170FFE85CD26}.Ad-Hoc|Any CPU.Deploy.0 = Release|x64
		{FA4850DF-5765-4560-98A5-170FFE85CD26}.Ad-Hoc|ARM.ActiveCfg = Release|ARM
		{FA4850DF-5765-4560-98A5-170FFE85CD26}.Ad-Hoc|ARM.Build.0 = Release|ARM
		{FA4850DF-5765-4560-98A5-170FFE85CD26}.Ad-Hoc|ARM.Deploy.0 = Release|ARM
		{FA4850DF-5765-4560-98A5-170FFE85CD26}.Ad-Hoc|ARM64.ActiveCfg = Release|ARM64
		{FA4850DF-5765-4560-98A5-170FFE85CD26}.Ad-Hoc|ARM64.Build.0 = Release|ARM64
		{FA4850DF-5765-4560-98A5-170FFE85CD26}.Ad-Hoc|ARM64.Deploy.0 = Release|ARM64
		{FA4850DF-5765-4560-98A5-170FFE85CD26}.Ad-Hoc|iPhone.ActiveCfg = Release|x64
		{FA4850DF-5765-4560-98A5-170FFE85CD26}.Ad-Hoc|iPhone.Build.0 = Release|x64
		{FA4850DF-5765-4560-98A5-170FFE85CD26}.Ad-Hoc|iPhone.Deploy.0 = Release|x64
		{FA4850DF-5765-4560-98A5-170FFE85CD26}.Ad-Hoc|iPhoneSimulator.ActiveCfg = Release|x64
		{FA4850DF-5765-4560-98A5-170FFE85CD26}.Ad-Hoc|iPhoneSimulator.Build.0 = Release|x64
		{FA4850DF-5765-4560-98A5-170FFE85CD26}.Ad-Hoc|iPhoneSimulator.Deploy.0 = Release|x64
		{FA4850DF-5765-4560-98A5-170FFE85CD26}.Ad-Hoc|x64.ActiveCfg = Release|x64
		{FA4850DF-5765-4560-98A5-170FFE85CD26}.Ad-Hoc|x64.Build.0 = Release|x64
		{FA4850DF-5765-4560-98A5-170FFE85CD26}.Ad-Hoc|x64.Deploy.0 = Release|x64
		{FA4850DF-5765-4560-98A5-170FFE85CD26}.Ad-Hoc|x86.ActiveCfg = Release|x86
		{FA4850DF-5765-4560-98A5-170FFE85CD26}.Ad-Hoc|x86.Build.0 = Release|x86
		{FA4850DF-5765-4560-98A5-170FFE85CD26}.Ad-Hoc|x86.Deploy.0 = Release|x86
		{FA4850DF-5765-4560-98A5-170FFE85CD26}.AppStore|Any CPU.ActiveCfg = Release|x64
		{FA4850DF-5765-4560-98A5-170FFE85CD26}.AppStore|Any CPU.Build.0 = Release|x64
		{FA4850DF-5765-4560-98A5-170FFE85CD26}.AppStore|Any CPU.Deploy.0 = Release|x64
		{FA4850DF-5765-4560-98A5-170FFE85CD26}.AppStore|ARM.ActiveCfg = Release|ARM
		{FA4850DF-5765-4560-98A5-170FFE85CD26}.AppStore|ARM.Build.0 = Release|ARM
		{FA4850DF-5765-4560-98A5-170FFE85CD26}.AppStore|ARM.Deploy.0 = Release|ARM
		{FA4850DF-5765-4560-98A5-170FFE85CD26}.AppStore|ARM64.ActiveCfg = Release|ARM64
		{FA4850DF-5765-4560-98A5-170FFE85CD26}.AppStore|ARM64.Build.0 = Release|ARM64
		{FA4850DF-5765-4560-98A5-170FFE85CD26}.AppStore|ARM64.Deploy.0 = Release|ARM64
		{FA4850DF-5765-4560-98A5-170FFE85CD26}.AppStore|iPhone.ActiveCfg = Release|x64
		{FA4850DF-5765-4560-98A5-170FFE85CD26}.AppStore|iPhone.Build.0 = Release|x64
		{FA4850DF-5765-4560-98A5-170FFE85CD26}.AppStore|iPhone.Deploy.0 = Release|x64
		{FA4850DF-5765-4560-98A5-170FFE85CD26}.AppStore|iPhoneSimulator.ActiveCfg = Release|x64
		{FA4850DF-5765-4560-98A5-170FFE85CD26}.AppStore|iPhoneSimulator.Build.0 = Release|x64
		{FA4850DF-5765-4560-98A5-170FFE85CD26}.AppStore|iPhoneSimulator.Deploy.0 = Release|x64
		{FA4850DF-5765-4560-98A5-170FFE85CD26}.AppStore|x64.ActiveCfg = Release|x64
		{FA4850DF-5765-4560-98A5-170FFE85CD26}.AppStore|x64.Build.0 = Release|x64
		{FA4850DF-5765-4560-98A5-170FFE85CD26}.AppStore|x64.Deploy.0 = Release|x64
		{FA4850DF-5765-4560-98A5-170FFE85CD26}.AppStore|x86.ActiveCfg = Release|x86
		{FA4850DF-5765-4560-98A5-170FFE85CD26}.AppStore|x86.Build.0 = Release|x86
		{FA4850DF-5765-4560-98A5-170FFE85CD26}.AppStore|x86.Deploy.0 = Release|x86
		{FA4850DF-5765-4560-98A5-170FFE85CD26}.Debug|Any CPU.ActiveCfg = Debug|x86
		{FA4850DF-5765-4560-98A5-170FFE85CD26}.Debug|ARM.ActiveCfg = Debug|ARM
		{FA4850DF-5765-4560-98A5-170FFE85CD26}.Debug|ARM.Build.0 = Debug|ARM
		{FA4850DF-5765-4560-98A5-170FFE85CD26}.Debug|ARM.Deploy.0 = Debug|ARM
		{FA4850DF-5765-4560-98A5-170FFE85CD26}.Debug|ARM64.ActiveCfg = Debug|ARM64
		{FA4850DF-5765-4560-98A5-170FFE85CD26}.Debug|ARM64.Build.0 = Debug|ARM64
		{FA4850DF-5765-4560-98A5-170FFE85CD26}.Debug|ARM64.Deploy.0 = Debug|ARM64
		{FA4850DF-5765-4560-98A5-170FFE85CD26}.Debug|iPhone.ActiveCfg = Debug|x86
		{FA4850DF-5765-4560-98A5-170FFE85CD26}.Debug|iPhoneSimulator.ActiveCfg = Debug|x86
		{FA4850DF-5765-4560-98A5-170FFE85CD26}.Debug|x64.ActiveCfg = Debug|x64
		{FA4850DF-5765-4560-98A5-170FFE85CD26}.Debug|x64.Build.0 = Debug|x64
		{FA4850DF-5765-4560-98A5-170FFE85CD26}.Debug|x64.Deploy.0 = Debug|x64
		{FA4850DF-5765-4560-98A5-170FFE85CD26}.Debug|x86.ActiveCfg = Debug|x86
		{FA4850DF-5765-4560-98A5-170FFE85CD26}.Debug|x86.Build.0 = Debug|x86
		{FA4850DF-5765-4560-98A5-170FFE85CD26}.Debug|x86.Deploy.0 = Debug|x86
		{FA4850DF-5765-4560-98A5-170FFE85CD26}.Release|Any CPU.ActiveCfg = Release|x86
		{FA4850DF-5765-4560-98A5-170FFE85CD26}.Release|ARM.ActiveCfg = Release|ARM
		{FA4850DF-5765-4560-98A5-170FFE85CD26}.Release|ARM.Build.0 = Release|ARM
		{FA4850DF-5765-4560-98A5-170FFE85CD26}.Release|ARM.Deploy.0 = Release|ARM
		{FA4850DF-5765-4560-98A5-170FFE85CD26}.Release|ARM64.ActiveCfg = Release|ARM64
		{FA4850DF-5765-4560-98A5-170FFE85CD26}.Release|ARM64.Build.0 = Release|ARM64
		{FA4850DF-5765-4560-98A5-170FFE85CD26}.Release|ARM64.Deploy.0 = Release|ARM64
		{FA4850DF-5765-4560-98A5-170FFE85CD26}.Release|iPhone.ActiveCfg = Release|x86
		{FA4850DF-5765-4560-98A5-170FFE85CD26}.Release|iPhoneSimulator.ActiveCfg = Release|x86
		{FA4850DF-5765-4560-98A5-170FFE85CD26}.Release|x64.ActiveCfg = Release|x64
		{FA4850DF-5765-4560-98A5-170FFE85CD26}.Release|x64.Build.0 = Release|x64
		{FA4850DF-5765-4560-98A5-170FFE85CD26}.Release|x64.Deploy.0 = Release|x64
		{FA4850DF-5765-4560-98A5-170FFE85CD26}.Release|x86.ActiveCfg = Release|x86
		{FA4850DF-5765-4560-98A5-170FFE85CD26}.Release|x86.Build.0 = Release|x86
		{FA4850DF-5765-4560-98A5-170FFE85CD26}.Release|x86.Deploy.0 = Release|x86
	EndGlobalSection
	GlobalSection(SolutionProperties) = preSolution
		HideSolutionNode = FALSE
	EndGlobalSection
	GlobalSection(ExtensibilityGlobals) = postSolution
		SolutionGuid = {F6D05029-56B8-4E45-AF2D-0E76295DDBA2}
	EndGlobalSection
EndGlobal
